// !$*UTF8*$!
{
	archiveVersion = 1;
	classes = {
	};
	objectVersion = 55;
	objects = {

/* Begin PBXBuildFile section */
		2E2ED1CFB7663C663C6C1F97 /* Pods_PhotoGallery.framework in Frameworks */ = {isa = PBXBuildFile; fileRef = FC139009AF49812EFE0F7B7A /* Pods_PhotoGallery.framework */; };
		87875DB02848954B0015D1EE /* AppDelegate.swift in Sources */ = {isa = PBXBuildFile; fileRef = 87875DAF2848954B0015D1EE /* AppDelegate.swift */; };
		87875DB22848954B0015D1EE /* SceneDelegate.swift in Sources */ = {isa = PBXBuildFile; fileRef = 87875DB12848954B0015D1EE /* SceneDelegate.swift */; };
		87875DB72848954B0015D1EE /* Main.storyboard in Resources */ = {isa = PBXBuildFile; fileRef = 87875DB52848954B0015D1EE /* Main.storyboard */; };
		87875DBA2848954B0015D1EE /* PhotoGallery.xcdatamodeld in Sources */ = {isa = PBXBuildFile; fileRef = 87875DB82848954B0015D1EE /* PhotoGallery.xcdatamodeld */; };
		87875DBC2848954D0015D1EE /* Assets.xcassets in Resources */ = {isa = PBXBuildFile; fileRef = 87875DBB2848954D0015D1EE /* Assets.xcassets */; };
		87875DBF2848954D0015D1EE /* LaunchScreen.storyboard in Resources */ = {isa = PBXBuildFile; fileRef = 87875DBD2848954D0015D1EE /* LaunchScreen.storyboard */; };
		87875DC82848CB070015D1EE /* HomeViewController.swift in Sources */ = {isa = PBXBuildFile; fileRef = 87875DC72848CB070015D1EE /* HomeViewController.swift */; };
		87875DCA2848CB5A0015D1EE /* Home.storyboard in Resources */ = {isa = PBXBuildFile; fileRef = 87875DC92848CB590015D1EE /* Home.storyboard */; };
		A61FE1D7284CA26D00FB4F32 /* InternetCheck.swift in Sources */ = {isa = PBXBuildFile; fileRef = A61FE1D6284CA26D00FB4F32 /* InternetCheck.swift */; };
		A67511D3284B15DE0025CAA9 /* DataModel.swift in Sources */ = {isa = PBXBuildFile; fileRef = A67511D2284B15DE0025CAA9 /* DataModel.swift */; };
		A67511DA284B15E60025CAA9 /* ImageCollectionViewCell.xib in Resources */ = {isa = PBXBuildFile; fileRef = A67511D6284B15E60025CAA9 /* ImageCollectionViewCell.xib */; };
		A67511DD284B15E60025CAA9 /* ImageCollectionViewCell.swift in Sources */ = {isa = PBXBuildFile; fileRef = A67511D9284B15E60025CAA9 /* ImageCollectionViewCell.swift */; };
		A67511E1284B15F40025CAA9 /* NetworkManager.swift in Sources */ = {isa = PBXBuildFile; fileRef = A67511E0284B15F40025CAA9 /* NetworkManager.swift */; };
		A67511E5284B160C0025CAA9 /* ZoomViewController.swift in Sources */ = {isa = PBXBuildFile; fileRef = A67511E3284B160C0025CAA9 /* ZoomViewController.swift */; };
		A67511E6284B160C0025CAA9 /* Zoom.storyboard in Resources */ = {isa = PBXBuildFile; fileRef = A67511E4284B160C0025CAA9 /* Zoom.storyboard */; };
		A6899C11284B7B52005B3E15 /* ImageUrlViewModel.swift in Sources */ = {isa = PBXBuildFile; fileRef = A6899C10284B7B52005B3E15 /* ImageUrlViewModel.swift */; };
/* End PBXBuildFile section */

/* Begin PBXFileReference section */
		87875DAC2848954B0015D1EE /* PhotoGallery.app */ = {isa = PBXFileReference; explicitFileType = wrapper.application; includeInIndex = 0; path = PhotoGallery.app; sourceTree = BUILT_PRODUCTS_DIR; };
		87875DAF2848954B0015D1EE /* AppDelegate.swift */ = {isa = PBXFileReference; lastKnownFileType = sourcecode.swift; path = AppDelegate.swift; sourceTree = "<group>"; };
		87875DB12848954B0015D1EE /* SceneDelegate.swift */ = {isa = PBXFileReference; lastKnownFileType = sourcecode.swift; path = SceneDelegate.swift; sourceTree = "<group>"; };
		87875DB62848954B0015D1EE /* Base */ = {isa = PBXFileReference; lastKnownFileType = file.storyboard; name = Base; path = Base.lproj/Main.storyboard; sourceTree = "<group>"; };
		87875DB92848954B0015D1EE /* PhotoGallery.xcdatamodel */ = {isa = PBXFileReference; lastKnownFileType = wrapper.xcdatamodel; path = PhotoGallery.xcdatamodel; sourceTree = "<group>"; };
		87875DBB2848954D0015D1EE /* Assets.xcassets */ = {isa = PBXFileReference; lastKnownFileType = folder.assetcatalog; path = Assets.xcassets; sourceTree = "<group>"; };
		87875DBE2848954D0015D1EE /* Base */ = {isa = PBXFileReference; lastKnownFileType = file.storyboard; name = Base; path = Base.lproj/LaunchScreen.storyboard; sourceTree = "<group>"; };
		87875DC02848954D0015D1EE /* Info.plist */ = {isa = PBXFileReference; lastKnownFileType = text.plist.xml; path = Info.plist; sourceTree = "<group>"; };
		87875DC72848CB070015D1EE /* HomeViewController.swift */ = {isa = PBXFileReference; lastKnownFileType = sourcecode.swift; path = HomeViewController.swift; sourceTree = "<group>"; };
		87875DC92848CB590015D1EE /* Home.storyboard */ = {isa = PBXFileReference; fileEncoding = 4; lastKnownFileType = file.storyboard; path = Home.storyboard; sourceTree = "<group>"; };
		8C9F60011D602FB32B76FBD9 /* Pods-PhotoGallery.debug.xcconfig */ = {isa = PBXFileReference; includeInIndex = 1; lastKnownFileType = text.xcconfig; name = "Pods-PhotoGallery.debug.xcconfig"; path = "Target Support Files/Pods-PhotoGallery/Pods-PhotoGallery.debug.xcconfig"; sourceTree = "<group>"; };
		8D7EBFA8C407B814D52BD2DA /* Pods-PhotoGallery.release.xcconfig */ = {isa = PBXFileReference; includeInIndex = 1; lastKnownFileType = text.xcconfig; name = "Pods-PhotoGallery.release.xcconfig"; path = "Target Support Files/Pods-PhotoGallery/Pods-PhotoGallery.release.xcconfig"; sourceTree = "<group>"; };
		A61FE1D6284CA26D00FB4F32 /* InternetCheck.swift */ = {isa = PBXFileReference; lastKnownFileType = sourcecode.swift; path = InternetCheck.swift; sourceTree = "<group>"; };
		A67511D2284B15DE0025CAA9 /* DataModel.swift */ = {isa = PBXFileReference; fileEncoding = 4; lastKnownFileType = sourcecode.swift; path = DataModel.swift; sourceTree = "<group>"; };
		A67511D6284B15E60025CAA9 /* ImageCollectionViewCell.xib */ = {isa = PBXFileReference; fileEncoding = 4; lastKnownFileType = file.xib; path = ImageCollectionViewCell.xib; sourceTree = "<group>"; };
		A67511D9284B15E60025CAA9 /* ImageCollectionViewCell.swift */ = {isa = PBXFileReference; fileEncoding = 4; lastKnownFileType = sourcecode.swift; path = ImageCollectionViewCell.swift; sourceTree = "<group>"; };
		A67511E0284B15F40025CAA9 /* NetworkManager.swift */ = {isa = PBXFileReference; fileEncoding = 4; lastKnownFileType = sourcecode.swift; path = NetworkManager.swift; sourceTree = "<group>"; };
		A67511E3284B160C0025CAA9 /* ZoomViewController.swift */ = {isa = PBXFileReference; fileEncoding = 4; lastKnownFileType = sourcecode.swift; path = ZoomViewController.swift; sourceTree = "<group>"; };
		A67511E4284B160C0025CAA9 /* Zoom.storyboard */ = {isa = PBXFileReference; fileEncoding = 4; lastKnownFileType = file.storyboard; path = Zoom.storyboard; sourceTree = "<group>"; };
		A6899C10284B7B52005B3E15 /* ImageUrlViewModel.swift */ = {isa = PBXFileReference; lastKnownFileType = sourcecode.swift; path = ImageUrlViewModel.swift; sourceTree = "<group>"; };
		FC139009AF49812EFE0F7B7A /* Pods_PhotoGallery.framework */ = {isa = PBXFileReference; explicitFileType = wrapper.framework; includeInIndex = 0; path = Pods_PhotoGallery.framework; sourceTree = BUILT_PRODUCTS_DIR; };
/* End PBXFileReference section */

/* Begin PBXFrameworksBuildPhase section */
		87875DA92848954B0015D1EE /* Frameworks */ = {
			isa = PBXFrameworksBuildPhase;
			buildActionMask = 2147483647;
			files = (
				2E2ED1CFB7663C663C6C1F97 /* Pods_PhotoGallery.framework in Frameworks */,
			);
			runOnlyForDeploymentPostprocessing = 0;
		};
/* End PBXFrameworksBuildPhase section */

/* Begin PBXGroup section */
		87875DA32848954B0015D1EE = {
			isa = PBXGroup;
			children = (
				87875DAE2848954B0015D1EE /* PhotoGallery */,
				87875DAD2848954B0015D1EE /* Products */,
				8D9E585DBC42D792F8F30FC7 /* Pods */,
				A9FA3304F2780FA7E4A49E88 /* Frameworks */,
			);
			sourceTree = "<group>";
		};
		87875DAD2848954B0015D1EE /* Products */ = {
			isa = PBXGroup;
			children = (
				87875DAC2848954B0015D1EE /* PhotoGallery.app */,
			);
			name = Products;
			sourceTree = "<group>";
		};
		87875DAE2848954B0015D1EE /* PhotoGallery */ = {
			isa = PBXGroup;
			children = (
				A61FE1D8284CA4B000FB4F32 /* Support Files */,
				87875DAF2848954B0015D1EE /* AppDelegate.swift */,
				87875DB12848954B0015D1EE /* SceneDelegate.swift */,
				A6899C12284B7F08005B3E15 /* MVVM */,
				A67511DF284B15F40025CAA9 /* NetworkManager */,
				87875DC62848CAD20015D1EE /* Controller */,
				87875DB52848954B0015D1EE /* Main.storyboard */,
				87875DBB2848954D0015D1EE /* Assets.xcassets */,
				87875DBD2848954D0015D1EE /* LaunchScreen.storyboard */,
				87875DC02848954D0015D1EE /* Info.plist */,
				87875DB82848954B0015D1EE /* PhotoGallery.xcdatamodeld */,
			);
			path = PhotoGallery;
			sourceTree = "<group>";
		};
		87875DC62848CAD20015D1EE /* Controller */ = {
			isa = PBXGroup;
			children = (
				A67511E2284B160C0025CAA9 /* ZoomViewController */,
				87875DC72848CB070015D1EE /* HomeViewController.swift */,
				87875DC92848CB590015D1EE /* Home.storyboard */,
			);
			path = Controller;
			sourceTree = "<group>";
		};
		8D9E585DBC42D792F8F30FC7 /* Pods */ = {
			isa = PBXGroup;
			children = (
				8C9F60011D602FB32B76FBD9 /* Pods-PhotoGallery.debug.xcconfig */,
				8D7EBFA8C407B814D52BD2DA /* Pods-PhotoGallery.release.xcconfig */,
			);
			path = Pods;
			sourceTree = "<group>";
		};
		A61FE1D8284CA4B000FB4F32 /* Support Files */ = {
			isa = PBXGroup;
			children = (
				A61FE1D6284CA26D00FB4F32 /* InternetCheck.swift */,
			);
			path = "Support Files";
			sourceTree = "<group>";
		};
		A67511D1284B15DE0025CAA9 /* Model */ = {
			isa = PBXGroup;
			children = (
				A67511D2284B15DE0025CAA9 /* DataModel.swift */,
			);
			path = Model;
			sourceTree = "<group>";
		};
		A67511D4284B15E60025CAA9 /* View */ = {
			isa = PBXGroup;
			children = (
				A67511D5284B15E60025CAA9 /* Cell */,
			);
			path = View;
			sourceTree = "<group>";
		};
		A67511D5284B15E60025CAA9 /* Cell */ = {
			isa = PBXGroup;
			children = (
				A67511D6284B15E60025CAA9 /* ImageCollectionViewCell.xib */,
				A67511D9284B15E60025CAA9 /* ImageCollectionViewCell.swift */,
			);
			path = Cell;
			sourceTree = "<group>";
		};
		A67511DE284B15F40025CAA9 /* ViewModel */ = {
			isa = PBXGroup;
			children = (
				A6899C10284B7B52005B3E15 /* ImageUrlViewModel.swift */,
			);
			path = ViewModel;
			sourceTree = "<group>";
		};
		A67511DF284B15F40025CAA9 /* NetworkManager */ = {
			isa = PBXGroup;
			children = (
				A67511E0284B15F40025CAA9 /* NetworkManager.swift */,
			);
			path = NetworkManager;
			sourceTree = "<group>";
		};
		A67511E2284B160C0025CAA9 /* ZoomViewController */ = {
			isa = PBXGroup;
			children = (
				A67511E3284B160C0025CAA9 /* ZoomViewController.swift */,
				A67511E4284B160C0025CAA9 /* Zoom.storyboard */,
			);
			path = ZoomViewController;
			sourceTree = "<group>";
		};
		A6899C12284B7F08005B3E15 /* MVVM */ = {
			isa = PBXGroup;
			children = (
				A67511DE284B15F40025CAA9 /* ViewModel */,
				A67511D4284B15E60025CAA9 /* View */,
				A67511D1284B15DE0025CAA9 /* Model */,
			);
			path = MVVM;
			sourceTree = "<group>";
		};
		A9FA3304F2780FA7E4A49E88 /* Frameworks */ = {
			isa = PBXGroup;
			children = (
				FC139009AF49812EFE0F7B7A /* Pods_PhotoGallery.framework */,
			);
			name = Frameworks;
			sourceTree = "<group>";
		};
/* End PBXGroup section */

/* Begin PBXNativeTarget section */
		87875DAB2848954B0015D1EE /* PhotoGallery */ = {
			isa = PBXNativeTarget;
			buildConfigurationList = 87875DC32848954D0015D1EE /* Build configuration list for PBXNativeTarget "PhotoGallery" */;
			buildPhases = (
				B855AC1D62D61DF49BCCA506 /* [CP] Check Pods Manifest.lock */,
				87875DA82848954B0015D1EE /* Sources */,
				87875DA92848954B0015D1EE /* Frameworks */,
				87875DAA2848954B0015D1EE /* Resources */,
				7D2650385DB9EF1DD5A731E3 /* [CP] Embed Pods Frameworks */,
			);
			buildRules = (
			);
			dependencies = (
			);
			name = PhotoGallery;
			productName = PhotoGallery;
			productReference = 87875DAC2848954B0015D1EE /* PhotoGallery.app */;
			productType = "com.apple.product-type.application";
		};
/* End PBXNativeTarget section */

/* Begin PBXProject section */
		87875DA42848954B0015D1EE /* Project object */ = {
			isa = PBXProject;
			attributes = {
				BuildIndependentTargetsInParallel = 1;
				LastSwiftUpdateCheck = 1330;
				LastUpgradeCheck = 1330;
				TargetAttributes = {
					87875DAB2848954B0015D1EE = {
						CreatedOnToolsVersion = 13.3;
					};
				};
			};
			buildConfigurationList = 87875DA72848954B0015D1EE /* Build configuration list for PBXProject "PhotoGallery" */;
			compatibilityVersion = "Xcode 13.0";
			developmentRegion = en;
			hasScannedForEncodings = 0;
			knownRegions = (
				en,
				Base,
			);
			mainGroup = 87875DA32848954B0015D1EE;
			productRefGroup = 87875DAD2848954B0015D1EE /* Products */;
			projectDirPath = "";
			projectRoot = "";
			targets = (
				87875DAB2848954B0015D1EE /* PhotoGallery */,
			);
		};
/* End PBXProject section */

/* Begin PBXResourcesBuildPhase section */
		87875DAA2848954B0015D1EE /* Resources */ = {
			isa = PBXResourcesBuildPhase;
			buildActionMask = 2147483647;
			files = (
				87875DBF2848954D0015D1EE /* LaunchScreen.storyboard in Resources */,
				87875DBC2848954D0015D1EE /* Assets.xcassets in Resources */,
				87875DB72848954B0015D1EE /* Main.storyboard in Resources */,
				87875DCA2848CB5A0015D1EE /* Home.storyboard in Resources */,
				A67511DA284B15E60025CAA9 /* ImageCollectionViewCell.xib in Resources */,
				A67511E6284B160C0025CAA9 /* Zoom.storyboard in Resources */,
			);
			runOnlyForDeploymentPostprocessing = 0;
		};
/* End PBXResourcesBuildPhase section */

/* Begin PBXShellScriptBuildPhase section */
		7D2650385DB9EF1DD5A731E3 /* [CP] Embed Pods Frameworks */ = {
			isa = PBXShellScriptBuildPhase;
			buildActionMask = 2147483647;
			files = (
			);
			inputFileListPaths = (
				"${PODS_ROOT}/Target Support Files/Pods-PhotoGallery/Pods-PhotoGallery-frameworks-${CONFIGURATION}-input-files.xcfilelist",
			);
			name = "[CP] Embed Pods Frameworks";
			outputFileListPaths = (
				"${PODS_ROOT}/Target Support Files/Pods-PhotoGallery/Pods-PhotoGallery-frameworks-${CONFIGURATION}-output-files.xcfilelist",
			);
			runOnlyForDeploymentPostprocessing = 0;
			shellPath = /bin/sh;
			shellScript = "\"${PODS_ROOT}/Target Support Files/Pods-PhotoGallery/Pods-PhotoGallery-frameworks.sh\"\n";
			showEnvVarsInLog = 0;
		};
		B855AC1D62D61DF49BCCA506 /* [CP] Check Pods Manifest.lock */ = {
			isa = PBXShellScriptBuildPhase;
			buildActionMask = 2147483647;
			files = (
			);
			inputFileListPaths = (
			);
			inputPaths = (
				"${PODS_PODFILE_DIR_PATH}/Podfile.lock",
				"${PODS_ROOT}/Manifest.lock",
			);
			name = "[CP] Check Pods Manifest.lock";
			outputFileListPaths = (
			);
			outputPaths = (
				"$(DERIVED_FILE_DIR)/Pods-PhotoGallery-checkManifestLockResult.txt",
			);
			runOnlyForDeploymentPostprocessing = 0;
			shellPath = /bin/sh;
			shellScript = "diff \"${PODS_PODFILE_DIR_PATH}/Podfile.lock\" \"${PODS_ROOT}/Manifest.lock\" > /dev/null\nif [ $? != 0 ] ; then\n    # print error to STDERR\n    echo \"error: The sandbox is not in sync with the Podfile.lock. Run 'pod install' or update your CocoaPods installation.\" >&2\n    exit 1\nfi\n# This output is used by Xcode 'outputs' to avoid re-running this script phase.\necho \"SUCCESS\" > \"${SCRIPT_OUTPUT_FILE_0}\"\n";
			showEnvVarsInLog = 0;
		};
/* End PBXShellScriptBuildPhase section */

/* Begin PBXSourcesBuildPhase section */
		87875DA82848954B0015D1EE /* Sources */ = {
			isa = PBXSourcesBuildPhase;
			buildActionMask = 2147483647;
			files = (
				A67511E1284B15F40025CAA9 /* NetworkManager.swift in Sources */,
				A61FE1D7284CA26D00FB4F32 /* InternetCheck.swift in Sources */,
				A67511E5284B160C0025CAA9 /* ZoomViewController.swift in Sources */,
				87875DC82848CB070015D1EE /* HomeViewController.swift in Sources */,
				A6899C11284B7B52005B3E15 /* ImageUrlViewModel.swift in Sources */,
				A67511DD284B15E60025CAA9 /* ImageCollectionViewCell.swift in Sources */,
				87875DB02848954B0015D1EE /* AppDelegate.swift in Sources */,
				87875DB22848954B0015D1EE /* SceneDelegate.swift in Sources */,
				87875DBA2848954B0015D1EE /* PhotoGallery.xcdatamodeld in Sources */,
				A67511D3284B15DE0025CAA9 /* DataModel.swift in Sources */,
			);
			runOnlyForDeploymentPostprocessing = 0;
		};
/* End PBXSourcesBuildPhase section */

/* Begin PBXVariantGroup section */
		87875DB52848954B0015D1EE /* Main.storyboard */ = {
			isa = PBXVariantGroup;
			children = (
				87875DB62848954B0015D1EE /* Base */,
			);
			name = Main.storyboard;
			sourceTree = "<group>";
		};
		87875DBD2848954D0015D1EE /* LaunchScreen.storyboard */ = {
			isa = PBXVariantGroup;
			children = (
				87875DBE2848954D0015D1EE /* Base */,
			);
			name = LaunchScreen.storyboard;
			sourceTree = "<group>";
		};
/* End PBXVariantGroup section */

/* Begin XCBuildConfiguration section */
		87875DC12848954D0015D1EE /* Debug */ = {
			isa = XCBuildConfiguration;
			buildSettings = {
				ALWAYS_SEARCH_USER_PATHS = NO;
				CLANG_ANALYZER_NONNULL = YES;
				CLANG_ANALYZER_NUMBER_OBJECT_CONVERSION = YES_AGGRESSIVE;
				CLANG_CXX_LANGUAGE_STANDARD = "gnu++17";
				CLANG_ENABLE_MODULES = YES;
				CLANG_ENABLE_OBJC_ARC = YES;
				CLANG_ENABLE_OBJC_WEAK = YES;
				CLANG_WARN_BLOCK_CAPTURE_AUTORELEASING = YES;
				CLANG_WARN_BOOL_CONVERSION = YES;
				CLANG_WARN_COMMA = YES;
				CLANG_WARN_CONSTANT_CONVERSION = YES;
				CLANG_WARN_DEPRECATED_OBJC_IMPLEMENTATIONS = YES;
				CLANG_WARN_DIRECT_OBJC_ISA_USAGE = YES_ERROR;
				CLANG_WARN_DOCUMENTATION_COMMENTS = YES;
				CLANG_WARN_EMPTY_BODY = YES;
				CLANG_WARN_ENUM_CONVERSION = YES;
				CLANG_WARN_INFINITE_RECURSION = YES;
				CLANG_WARN_INT_CONVERSION = YES;
				CLANG_WARN_NON_LITERAL_NULL_CONVERSION = YES;
				CLANG_WARN_OBJC_IMPLICIT_RETAIN_SELF = YES;
				CLANG_WARN_OBJC_LITERAL_CONVERSION = YES;
				CLANG_WARN_OBJC_ROOT_CLASS = YES_ERROR;
				CLANG_WARN_QUOTED_INCLUDE_IN_FRAMEWORK_HEADER = YES;
				CLANG_WARN_RANGE_LOOP_ANALYSIS = YES;
				CLANG_WARN_STRICT_PROTOTYPES = YES;
				CLANG_WARN_SUSPICIOUS_MOVE = YES;
				CLANG_WARN_UNGUARDED_AVAILABILITY = YES_AGGRESSIVE;
				CLANG_WARN_UNREACHABLE_CODE = YES;
				CLANG_WARN__DUPLICATE_METHOD_MATCH = YES;
				COPY_PHASE_STRIP = NO;
				DEBUG_INFORMATION_FORMAT = dwarf;
				ENABLE_STRICT_OBJC_MSGSEND = YES;
				ENABLE_TESTABILITY = YES;
				GCC_C_LANGUAGE_STANDARD = gnu11;
				GCC_DYNAMIC_NO_PIC = NO;
				GCC_NO_COMMON_BLOCKS = YES;
				GCC_OPTIMIZATION_LEVEL = 0;
				GCC_PREPROCESSOR_DEFINITIONS = (
					"DEBUG=1",
					"$(inherited)",
				);
				GCC_WARN_64_TO_32_BIT_CONVERSION = YES;
				GCC_WARN_ABOUT_RETURN_TYPE = YES_ERROR;
				GCC_WARN_UNDECLARED_SELECTOR = YES;
				GCC_WARN_UNINITIALIZED_AUTOS = YES_AGGRESSIVE;
				GCC_WARN_UNUSED_FUNCTION = YES;
				GCC_WARN_UNUSED_VARIABLE = YES;
				IPHONEOS_DEPLOYMENT_TARGET = 15.4;
				MTL_ENABLE_DEBUG_INFO = INCLUDE_SOURCE;
				MTL_FAST_MATH = YES;
				ONLY_ACTIVE_ARCH = YES;
				SDKROOT = iphoneos;
				SWIFT_ACTIVE_COMPILATION_CONDITIONS = DEBUG;
				SWIFT_OPTIMIZATION_LEVEL = "-Onone";
			};
			name = Debug;
		};
		87875DC22848954D0015D1EE /* Release */ = {
			isa = XCBuildConfiguration;
			buildSettings = {
				ALWAYS_SEARCH_USER_PATHS = NO;
				CLANG_ANALYZER_NONNULL = YES;
				CLANG_ANALYZER_NUMBER_OBJECT_CONVERSION = YES_AGGRESSIVE;
				CLANG_CXX_LANGUAGE_STANDARD = "gnu++17";
				CLANG_ENABLE_MODULES = YES;
				CLANG_ENABLE_OBJC_ARC = YES;
				CLANG_ENABLE_OBJC_WEAK = YES;
				CLANG_WARN_BLOCK_CAPTURE_AUTORELEASING = YES;
				CLANG_WARN_BOOL_CONVERSION = YES;
				CLANG_WARN_COMMA = YES;
				CLANG_WARN_CONSTANT_CONVERSION = YES;
				CLANG_WARN_DEPRECATED_OBJC_IMPLEMENTATIONS = YES;
				CLANG_WARN_DIRECT_OBJC_ISA_USAGE = YES_ERROR;
				CLANG_WARN_DOCUMENTATION_COMMENTS = YES;
				CLANG_WARN_EMPTY_BODY = YES;
				CLANG_WARN_ENUM_CONVERSION = YES;
				CLANG_WARN_INFINITE_RECURSION = YES;
				CLANG_WARN_INT_CONVERSION = YES;
				CLANG_WARN_NON_LITERAL_NULL_CONVERSION = YES;
				CLANG_WARN_OBJC_IMPLICIT_RETAIN_SELF = YES;
				CLANG_WARN_OBJC_LITERAL_CONVERSION = YES;
				CLANG_WARN_OBJC_ROOT_CLASS = YES_ERROR;
				CLANG_WARN_QUOTED_INCLUDE_IN_FRAMEWORK_HEADER = YES;
				CLANG_WARN_RANGE_LOOP_ANALYSIS = YES;
				CLANG_WARN_STRICT_PROTOTYPES = YES;
				CLANG_WARN_SUSPICIOUS_MOVE = YES;
				CLANG_WARN_UNGUARDED_AVAILABILITY = YES_AGGRESSIVE;
				CLANG_WARN_UNREACHABLE_CODE = YES;
				CLANG_WARN__DUPLICATE_METHOD_MATCH = YES;
				COPY_PHASE_STRIP = NO;
				DEBUG_INFORMATION_FORMAT = "dwarf-with-dsym";
				ENABLE_NS_ASSERTIONS = NO;
				ENABLE_STRICT_OBJC_MSGSEND = YES;
				GCC_C_LANGUAGE_STANDARD = gnu11;
				GCC_NO_COMMON_BLOCKS = YES;
				GCC_WARN_64_TO_32_BIT_CONVERSION = YES;
				GCC_WARN_ABOUT_RETURN_TYPE = YES_ERROR;
				GCC_WARN_UNDECLARED_SELECTOR = YES;
				GCC_WARN_UNINITIALIZED_AUTOS = YES_AGGRESSIVE;
				GCC_WARN_UNUSED_FUNCTION = YES;
				GCC_WARN_UNUSED_VARIABLE = YES;
				IPHONEOS_DEPLOYMENT_TARGET = 15.4;
				MTL_ENABLE_DEBUG_INFO = NO;
				MTL_FAST_MATH = YES;
				SDKROOT = iphoneos;
				SWIFT_COMPILATION_MODE = wholemodule;
				SWIFT_OPTIMIZATION_LEVEL = "-O";
				VALIDATE_PRODUCT = YES;
			};
			name = Release;
		};
		87875DC42848954D0015D1EE /* Debug */ = {
			isa = XCBuildConfiguration;
			baseConfigurationReference = 8C9F60011D602FB32B76FBD9 /* Pods-PhotoGallery.debug.xcconfig */;
			buildSettings = {
				ASSETCATALOG_COMPILER_APPICON_NAME = AppIcon;
				ASSETCATALOG_COMPILER_GLOBAL_ACCENT_COLOR_NAME = AccentColor;
				CODE_SIGN_STYLE = Automatic;
				CURRENT_PROJECT_VERSION = 1;
				DEVELOPMENT_TEAM = "";
				GENERATE_INFOPLIST_FILE = YES;
				INFOPLIST_FILE = PhotoGallery/Info.plist;
				INFOPLIST_KEY_NSPhotoLibraryUsageDescription = "Allow for saving photo";
				INFOPLIST_KEY_UIApplicationSupportsIndirectInputEvents = YES;
				INFOPLIST_KEY_UILaunchStoryboardName = LaunchScreen;
				INFOPLIST_KEY_UIMainStoryboardFile = Main;
				INFOPLIST_KEY_UISupportedInterfaceOrientations = UIInterfaceOrientationPortrait;
				INFOPLIST_KEY_UISupportedInterfaceOrientations_iPad = "UIInterfaceOrientationPortrait UIInterfaceOrientationPortraitUpsideDown UIInterfaceOrientationLandscapeLeft UIInterfaceOrientationLandscapeRight";
				INFOPLIST_KEY_UISupportedInterfaceOrientations_iPhone = "UIInterfaceOrientationPortrait UIInterfaceOrientationLandscapeLeft UIInterfaceOrientationLandscapeRight";
				IPHONEOS_DEPLOYMENT_TARGET = 13.0;
				LD_RUNPATH_SEARCH_PATHS = (
					"$(inherited)",
					"@executable_path/Frameworks",
				);
				MARKETING_VERSION = 1.0;
				PRODUCT_BUNDLE_IDENTIFIER = com.test.PhotoGallery;
				PRODUCT_NAME = "$(TARGET_NAME)";
				SWIFT_EMIT_LOC_STRINGS = YES;
				SWIFT_VERSION = 5.0;
				TARGETED_DEVICE_FAMILY = "1,2";
			};
			name = Debug;
		};
		87875DC52848954D0015D1EE /* Release */ = {
			isa = XCBuildConfiguration;
			baseConfigurationReference = 8D7EBFA8C407B814D52BD2DA /* Pods-PhotoGallery.release.xcconfig */;
			buildSettings = {
				ASSETCATALOG_COMPILER_APPICON_NAME = AppIcon;
				ASSETCATALOG_COMPILER_GLOBAL_ACCENT_COLOR_NAME = AccentColor;
				CODE_SIGN_STYLE = Manual;
				CURRENT_PROJECT_VERSION = 1;
				DEVELOPMENT_TEAM = "";
				GENERATE_INFOPLIST_FILE = YES;
				INFOPLIST_FILE = PhotoGallery/Info.plist;
				INFOPLIST_KEY_NSPhotoLibraryUsageDescription = "Allow for saving photo";
				INFOPLIST_KEY_UIApplicationSupportsIndirectInputEvents = YES;
				INFOPLIST_KEY_UILaunchStoryboardName = LaunchScreen;
				INFOPLIST_KEY_UIMainStoryboardFile = Main;
				INFOPLIST_KEY_UISupportedInterfaceOrientations = UIInterfaceOrientationPortrait;
				INFOPLIST_KEY_UISupportedInterfaceOrientations_iPad = "UIInterfaceOrientationPortrait UIInterfaceOrientationPortraitUpsideDown UIInterfaceOrientationLandscapeLeft UIInterfaceOrientationLandscapeRight";
				INFOPLIST_KEY_UISupportedInterfaceOrientations_iPhone = "UIInterfaceOrientationPortrait UIInterfaceOrientationLandscapeLeft UIInterfaceOrientationLandscapeRight";
				IPHONEOS_DEPLOYMENT_TARGET = 13.0;
				LD_RUNPATH_SEARCH_PATHS = (
					"$(inherited)",
					"@executable_path/Frameworks",
				);
				MARKETING_VERSION = 1.0;
				PRODUCT_BUNDLE_IDENTIFIER = com.test.PhotoGallery;
				PRODUCT_NAME = "$(TARGET_NAME)";
				PROVISIONING_PROFILE_SPECIFIER = "";
				SWIFT_EMIT_LOC_STRINGS = YES;
				SWIFT_VERSION = 5.0;
				TARGETED_DEVICE_FAMILY = "1,2";
			};
			name = Release;
		};
/* End XCBuildConfiguration section */

/* Begin XCConfigurationList section */
		87875DA72848954B0015D1EE /* Build configuration list for PBXProject "PhotoGallery" */ = {
			isa = XCConfigurationList;
			buildConfigurations = (
				87875DC12848954D0015D1EE /* Debug */,
				87875DC22848954D0015D1EE /* Release */,
			);
			defaultConfigurationIsVisible = 0;
			defaultConfigurationName = Release;
		};
		87875DC32848954D0015D1EE /* Build configuration list for PBXNativeTarget "PhotoGallery" */ = {
			isa = XCConfigurationList;
			buildConfigurations = (
				87875DC42848954D0015D1EE /* Debug */,
				87875DC52848954D0015D1EE /* Release */,
			);
			defaultConfigurationIsVisible = 0;
			defaultConfigurationName = Release;
		};
/* End XCConfigurationList section */

/* Begin XCVersionGroup section */
		87875DB82848954B0015D1EE /* PhotoGallery.xcdatamodeld */ = {
			isa = XCVersionGroup;
			children = (
				87875DB92848954B0015D1EE /* PhotoGallery.xcdatamodel */,
			);
			currentVersion = 87875DB92848954B0015D1EE /* PhotoGallery.xcdatamodel */;
			path = PhotoGallery.xcdatamodeld;
			sourceTree = "<group>";
			versionGroupType = wrapper.xcdatamodel;
		};
/* End XCVersionGroup section */
	};
	rootObject = 87875DA42848954B0015D1EE /* Project object */;
}
